PODS:
  - Realm (4.3.2):
    - Realm/Headers (= 4.3.2)
  - Realm/Headers (4.3.2)
  - RealmSwift (4.3.2):
    - Realm (= 4.3.2)
  - SwiftySound (1.2.0)

DEPENDENCIES:
  - RealmSwift
  - SwiftySound

SPEC REPOS:
  trunk:
    - Realm
    - RealmSwift
    - SwiftySound

SPEC CHECKSUMS:
  Realm: 5e92902e2875dff4bb0fd02f67bb737c3d5db2bc
  RealmSwift: 9a360fc7bae04fc2e308a34fbd899d5faa2d6b22
  SwiftySound: 9eb28bb14edb601b40027e44319e0ef8383f88bf

PODFILE CHECKSUM: 4e54a49a80e0e5c1474eeb667024943b1acfd38b

COCOAPODS: 1.8.4
